
Microsoft Visual Studio Solution File, Format Version 12.00
# Visual Studio 15
VisualStudioVersion = 15.0.28010.2046
MinimumVisualStudioVersion = 10.0.40219.1
Project("{FAE04EC0-301F-11D3-BF4B-00C04F79EFBC}") = "Compression", "Compression\Compression.csproj", "{6C45EF50-66EA-418B-993C-00B7A880771C}"
EndProject
Global
	GlobalSection(SolutionConfigurationPlatforms) = preSolution
		Debug|Any CPU = Debug|Any CPU
		Release|Any CPU = Release|Any CPU
	EndGlobalSection
	GlobalSection(ProjectConfigurationPlatforms) = postSolution
		{6C45EF50-66EA-418B-993C-00B7A880771C}.Debug|Any CPU.ActiveCfg = Debug|Any CPU
		{6C45EF50-66EA-418B-993C-00B7A880771C}.Debug|Any CPU.Build.0 = Debug|Any CPU
		{6C45EF50-66EA-418B-993C-00B7A880771C}.Release|Any CPU.ActiveCfg = Release|Any CPU
		{6C45EF50-66EA-418B-993C-00B7A880771C}.Release|Any CPU.Build.0 = Release|Any CPU
	EndGlobalSection
	GlobalSection(SolutionProperties) = preSolution
		HideSolutionNode = FALSE
	EndGlobalSection
	GlobalSection(ExtensibilityGlobals) = postSolution
		SolutionGuid = {B3EE78D4-EEE4-4729-8204-07F3473F1946}
	EndGlobalSection
EndGlobal
